{
    "_readme": [
        "This file locks the dependencies of your project to a known state",
        "Read more about it at https://getcomposer.org/doc/01-basic-usage.md#installing-dependencies",
        "This file is @generated automatically"
    ],
    "content-hash": "ac18f4920d208b6636072cab747e7d31",
    "packages": [
        {
            "name": "league/html-to-markdown",
            "version": "4.9.1",
            "source": {
                "type": "git",
                "url": "https://github.com/thephpleague/html-to-markdown.git",
                "reference": "1dcd0f85de786f46a7f224a27cc3d709ddd2a68c"
            },
            "dist": {
                "type": "zip",
                "url": "https://api.github.com/repos/thephpleague/html-to-markdown/zipball/1dcd0f85de786f46a7f224a27cc3d709ddd2a68c",
                "reference": "1dcd0f85de786f46a7f224a27cc3d709ddd2a68c",
                "shasum": ""
            },
            "require": {
                "ext-dom": "*",
                "ext-xml": "*",
                "php": ">=5.3.3"
            },
            "require-dev": {
                "mikehaertl/php-shellcommand": "~1.1.0",
                "phpunit/phpunit": "^4.8|^5.7",
                "scrutinizer/ocular": "~1.1"
            },
            "bin": [
                "bin/html-to-markdown"
            ],
            "type": "library",
            "extra": {
                "branch-alias": {
                    "dev-master": "4.10-dev"
                }
            },
            "autoload": {
                "psr-4": {
                    "League\\HTMLToMarkdown\\": "src/"
                }
            },
            "notification-url": "https://packagist.org/downloads/",
            "license": [
                "MIT"
            ],
            "authors": [
                {
                    "name": "Colin O'Dell",
                    "email": "colinodell@gmail.com",
                    "homepage": "https://www.colinodell.com",
                    "role": "Lead Developer"
                },
                {
                    "name": "Nick Cernis",
                    "email": "nick@cern.is",
                    "homepage": "http://modernnerd.net",
                    "role": "Original Author"
                }
            ],
            "description": "An HTML-to-markdown conversion helper for PHP",
            "homepage": "https://github.com/thephpleague/html-to-markdown",
            "keywords": [
                "html",
                "markdown"
            ],
            "time": "2019-12-28T01:32:28+00:00"
        },
        {
            "name": "lorenzo/pinky",
            "version": "1.0.5",
            "source": {
                "type": "git",
                "url": "https://github.com/lorenzo/pinky.git",
                "reference": "2bc1a9d5696d6496df5d5682962929165a823e57"
            },
            "dist": {
                "type": "zip",
                "url": "https://api.github.com/repos/lorenzo/pinky/zipball/2bc1a9d5696d6496df5d5682962929165a823e57",
                "reference": "2bc1a9d5696d6496df5d5682962929165a823e57",
                "shasum": ""
            },
            "require": {
                "ext-xsl": "*",
                "php": ">=5.6.0"
            },
            "require-dev": {
                "phpunit/phpunit": "^5.7"
            },
            "type": "library",
            "autoload": {
                "files": [
                    "src/pinky.php"
                ]
            },
            "notification-url": "https://packagist.org/downloads/",
            "license": [
                "MIT"
            ],
            "authors": [
                {
                    "name": "Jose Lorenzo Rodriguez",
                    "email": "jose.zap@gmail.com"
                }
            ],
            "description": "A Foundation for Emails (Inky) template transpiler",
            "keywords": [
                "email",
                "foundation",
                "inky",
                "template",
                "zurb"
            ],
            "time": "2019-09-16T21:23:31+00:00"
        },
        {
            "name": "phpmailer/phpmailer",
            "version": "v6.1.5",
            "source": {
                "type": "git",
                "url": "https://github.com/PHPMailer/PHPMailer.git",
                "reference": "a8bf068f64a580302026e484ee29511f661b2ad3"
            },
            "dist": {
                "type": "zip",
                "url": "https://api.github.com/repos/PHPMailer/PHPMailer/zipball/a8bf068f64a580302026e484ee29511f661b2ad3",
                "reference": "a8bf068f64a580302026e484ee29511f661b2ad3",
                "shasum": ""
            },
            "require": {
                "ext-ctype": "*",
                "ext-filter": "*",
                "php": ">=5.5.0"
            },
            "require-dev": {
                "doctrine/annotations": "^1.2",
                "friendsofphp/php-cs-fixer": "^2.2",
                "phpunit/phpunit": "^4.8 || ^5.7"
            },
            "suggest": {
                "ext-mbstring": "Needed to send email in multibyte encoding charset",
                "hayageek/oauth2-yahoo": "Needed for Yahoo XOAUTH2 authentication",
                "league/oauth2-google": "Needed for Google XOAUTH2 authentication",
                "psr/log": "For optional PSR-3 debug logging",
                "stevenmaguire/oauth2-microsoft": "Needed for Microsoft XOAUTH2 authentication",
                "symfony/polyfill-mbstring": "To support UTF-8 if the Mbstring PHP extension is not enabled (^1.2)"
            },
            "type": "library",
            "autoload": {
                "psr-4": {
                    "PHPMailer\\PHPMailer\\": "src/"
                }
            },
            "notification-url": "https://packagist.org/downloads/",
            "license": [
                "LGPL-2.1-only"
            ],
            "authors": [
                {
                    "name": "Marcus Bointon",
                    "email": "phpmailer@synchromedia.co.uk"
                },
                {
                    "name": "Jim Jagielski",
                    "email": "jimjag@gmail.com"
                },
                {
                    "name": "Andy Prevost",
                    "email": "codeworxtech@users.sourceforge.net"
                },
                {
                    "name": "Brent R. Matzelle"
                }
            ],
            "description": "PHPMailer is a full-featured email creation and transfer class for PHP",
            "funding": [
                {
                    "url": "https://marcus.bointon.com/donations/",
                    "type": "custom"
                },
                {
                    "url": "https://github.com/Synchro",
                    "type": "github"
                },
                {
                    "url": "https://www.patreon.com/marcusbointon",
                    "type": "patreon"
                }
            ],
            "time": "2020-03-14T14:23:48+00:00"
        },
        {
            "name": "symfony/intl",
            "version": "v5.0.8",
            "source": {
                "type": "git",
                "url": "https://github.com/symfony/intl.git",
                "reference": "dc50ad5039ac685ca87306a346dc119cacdfea25"
            },
            "dist": {
                "type": "zip",
                "url": "https://api.github.com/repos/symfony/intl/zipball/dc50ad5039ac685ca87306a346dc119cacdfea25",
                "reference": "dc50ad5039ac685ca87306a346dc119cacdfea25",
                "shasum": ""
            },
            "require": {
                "php": "^7.2.5",
                "symfony/polyfill-intl-icu": "~1.0"
            },
            "require-dev": {
                "symfony/filesystem": "^4.4|^5.0"
            },
            "suggest": {
                "ext-intl": "to use the component with locales other than \"en\""
            },
            "type": "library",
            "extra": {
                "branch-alias": {
                    "dev-master": "5.0-dev"
                }
            },
            "autoload": {
                "psr-4": {
                    "Symfony\\Component\\Intl\\": ""
                },
                "classmap": [
                    "Resources/stubs"
                ],
                "exclude-from-classmap": [
                    "/Tests/"
                ]
            },
            "notification-url": "https://packagist.org/downloads/",
            "license": [
                "MIT"
            ],
            "authors": [
                {
                    "name": "Bernhard Schussek",
                    "email": "bschussek@gmail.com"
                },
                {
                    "name": "Eriksen Costa",
                    "email": "eriksen.costa@infranology.com.br"
                },
                {
                    "name": "Igor Wiedler",
                    "email": "igor@wiedler.ch"
                },
                {
                    "name": "Symfony Community",
                    "homepage": "https://symfony.com/contributors"
                }
            ],
            "description": "A PHP replacement layer for the C intl extension that includes additional data from the ICU library.",
            "homepage": "https://symfony.com",
            "keywords": [
                "i18n",
                "icu",
                "internationalization",
                "intl",
                "l10n",
                "localization"
            ],
            "funding": [
                {
                    "url": "https://symfony.com/sponsor",
                    "type": "custom"
                },
                {
                    "url": "https://github.com/fabpot",
                    "type": "github"
                },
                {
                    "url": "https://tidelift.com/funding/github/packagist/symfony/symfony",
                    "type": "tidelift"
                }
            ],
            "time": "2020-04-12T14:40:17+00:00"
        },
        {
            "name": "symfony/mime",
            "version": "v5.0.8",
            "source": {
                "type": "git",
                "url": "https://github.com/symfony/mime.git",
                "reference": "5d6c81c39225a750f3f43bee15f03093fb9aaa0b"
            },
            "dist": {
                "type": "zip",
                "url": "https://api.github.com/repos/symfony/mime/zipball/5d6c81c39225a750f3f43bee15f03093fb9aaa0b",
                "reference": "5d6c81c39225a750f3f43bee15f03093fb9aaa0b",
                "shasum": ""
            },
            "require": {
                "php": "^7.2.5",
                "symfony/polyfill-intl-idn": "^1.10",
                "symfony/polyfill-mbstring": "^1.0"
            },
            "conflict": {
                "symfony/mailer": "<4.4"
            },
            "require-dev": {
                "egulias/email-validator": "^2.1.10",
                "symfony/dependency-injection": "^4.4|^5.0"
            },
            "type": "library",
            "extra": {
                "branch-alias": {
                    "dev-master": "5.0-dev"
                }
            },
            "autoload": {
                "psr-4": {
                    "Symfony\\Component\\Mime\\": ""
                },
                "exclude-from-classmap": [
                    "/Tests/"
                ]
            },
            "notification-url": "https://packagist.org/downloads/",
            "license": [
                "MIT"
            ],
            "authors": [
                {
                    "name": "Fabien Potencier",
                    "email": "fabien@symfony.com"
                },
                {
                    "name": "Symfony Community",
                    "homepage": "https://symfony.com/contributors"
                }
            ],
            "description": "A library to manipulate MIME messages",
            "homepage": "https://symfony.com",
            "keywords": [
                "mime",
                "mime-type"
            ],
            "funding": [
                {
                    "url": "https://symfony.com/sponsor",
                    "type": "custom"
                },
                {
                    "url": "https://github.com/fabpot",
                    "type": "github"
                },
                {
                    "url": "https://tidelift.com/funding/github/packagist/symfony/symfony",
                    "type": "tidelift"
                }
            ],
            "time": "2020-04-17T03:29:44+00:00"
        },
        {
            "name": "symfony/polyfill-ctype",
            "version": "v1.17.0",
            "source": {
                "type": "git",
                "url": "https://github.com/symfony/polyfill-ctype.git",
                "reference": "e94c8b1bbe2bc77507a1056cdb06451c75b427f9"
            },
            "dist": {
                "type": "zip",
                "url": "https://api.github.com/repos/symfony/polyfill-ctype/zipball/e94c8b1bbe2bc77507a1056cdb06451c75b427f9",
                "reference": "e94c8b1bbe2bc77507a1056cdb06451c75b427f9",
                "shasum": ""
            },
            "require": {
                "php": ">=5.3.3"
            },
            "suggest": {
                "ext-ctype": "For best performance"
            },
            "type": "library",
            "extra": {
                "branch-alias": {
                    "dev-master": "1.17-dev"
                }
            },
            "autoload": {
                "psr-4": {
                    "Symfony\\Polyfill\\Ctype\\": ""
                },
                "files": [
                    "bootstrap.php"
                ]
            },
            "notification-url": "https://packagist.org/downloads/",
            "license": [
                "MIT"
            ],
            "authors": [
                {
                    "name": "Gert de Pagter",
                    "email": "BackEndTea@gmail.com"
                },
                {
                    "name": "Symfony Community",
                    "homepage": "https://symfony.com/contributors"
                }
            ],
            "description": "Symfony polyfill for ctype functions",
            "homepage": "https://symfony.com",
            "keywords": [
                "compatibility",
                "ctype",
                "polyfill",
                "portable"
            ],
            "funding": [
                {
                    "url": "https://symfony.com/sponsor",
                    "type": "custom"
                },
                {
                    "url": "https://github.com/fabpot",
                    "type": "github"
                },
                {
                    "url": "https://tidelift.com/funding/github/packagist/symfony/symfony",
                    "type": "tidelift"
                }
            ],
            "time": "2020-05-12T16:14:59+00:00"
        },
        {
            "name": "symfony/polyfill-intl-icu",
            "version": "v1.17.0",
            "source": {
                "type": "git",
                "url": "https://github.com/symfony/polyfill-intl-icu.git",
                "reference": "4ef3923e4a86e1b6ef72d42be59dbf7d33a685e3"
            },
            "dist": {
                "type": "zip",
                "url": "https://api.github.com/repos/symfony/polyfill-intl-icu/zipball/4ef3923e4a86e1b6ef72d42be59dbf7d33a685e3",
                "reference": "4ef3923e4a86e1b6ef72d42be59dbf7d33a685e3",
                "shasum": ""
            },
            "require": {
                "php": ">=5.3.3",
                "symfony/intl": "~2.3|~3.0|~4.0|~5.0"
            },
            "suggest": {
                "ext-intl": "For best performance"
            },
            "type": "library",
            "extra": {
                "branch-alias": {
                    "dev-master": "1.17-dev"
                }
            },
            "autoload": {
                "files": [
                    "bootstrap.php"
                ]
            },
            "notification-url": "https://packagist.org/downloads/",
            "license": [
                "MIT"
            ],
            "authors": [
                {
                    "name": "Nicolas Grekas",
                    "email": "p@tchwork.com"
                },
                {
                    "name": "Symfony Community",
                    "homepage": "https://symfony.com/contributors"
                }
            ],
            "description": "Symfony polyfill for intl's ICU-related data and classes",
            "homepage": "https://symfony.com",
            "keywords": [
                "compatibility",
                "icu",
                "intl",
                "polyfill",
                "portable",
                "shim"
            ],
            "funding": [
                {
                    "url": "https://symfony.com/sponsor",
                    "type": "custom"
                },
                {
                    "url": "https://github.com/fabpot",
                    "type": "github"
                },
                {
                    "url": "https://tidelift.com/funding/github/packagist/symfony/symfony",
                    "type": "tidelift"
                }
            ],
            "time": "2020-05-12T16:14:59+00:00"
        },
        {
            "name": "symfony/polyfill-intl-idn",
            "version": "v1.17.0",
            "source": {
                "type": "git",
                "url": "https://github.com/symfony/polyfill-intl-idn.git",
                "reference": "3bff59ea7047e925be6b7f2059d60af31bb46d6a"
            },
            "dist": {
                "type": "zip",
                "url": "https://api.github.com/repos/symfony/polyfill-intl-idn/zipball/3bff59ea7047e925be6b7f2059d60af31bb46d6a",
                "reference": "3bff59ea7047e925be6b7f2059d60af31bb46d6a",
                "shasum": ""
            },
            "require": {
                "php": ">=5.3.3",
                "symfony/polyfill-mbstring": "^1.3",
                "symfony/polyfill-php72": "^1.10"
            },
            "suggest": {
                "ext-intl": "For best performance"
            },
            "type": "library",
            "extra": {
                "branch-alias": {
                    "dev-master": "1.17-dev"
                }
            },
            "autoload": {
                "psr-4": {
                    "Symfony\\Polyfill\\Intl\\Idn\\": ""
                },
                "files": [
                    "bootstrap.php"
                ]
            },
            "notification-url": "https://packagist.org/downloads/",
            "license": [
                "MIT"
            ],
            "authors": [
                {
                    "name": "Laurent Bassin",
                    "email": "laurent@bassin.info"
                },
                {
                    "name": "Symfony Community",
                    "homepage": "https://symfony.com/contributors"
                }
            ],
            "description": "Symfony polyfill for intl's idn_to_ascii and idn_to_utf8 functions",
            "homepage": "https://symfony.com",
            "keywords": [
                "compatibility",
                "idn",
                "intl",
                "polyfill",
                "portable",
                "shim"
            ],
            "funding": [
                {
                    "url": "https://symfony.com/sponsor",
                    "type": "custom"
                },
                {
                    "url": "https://github.com/fabpot",
                    "type": "github"
                },
                {
                    "url": "https://tidelift.com/funding/github/packagist/symfony/symfony",
                    "type": "tidelift"
                }
            ],
            "time": "2020-05-12T16:47:27+00:00"
        },
        {
            "name": "symfony/polyfill-mbstring",
            "version": "v1.17.0",
            "source": {
                "type": "git",
                "url": "https://github.com/symfony/polyfill-mbstring.git",
                "reference": "fa79b11539418b02fc5e1897267673ba2c19419c"
            },
            "dist": {
                "type": "zip",
                "url": "https://api.github.com/repos/symfony/polyfill-mbstring/zipball/fa79b11539418b02fc5e1897267673ba2c19419c",
                "reference": "fa79b11539418b02fc5e1897267673ba2c19419c",
                "shasum": ""
            },
            "require": {
                "php": ">=5.3.3"
            },
            "suggest": {
                "ext-mbstring": "For best performance"
            },
            "type": "library",
            "extra": {
                "branch-alias": {
                    "dev-master": "1.17-dev"
                }
            },
            "autoload": {
                "psr-4": {
                    "Symfony\\Polyfill\\Mbstring\\": ""
                },
                "files": [
                    "bootstrap.php"
                ]
            },
            "notification-url": "https://packagist.org/downloads/",
            "license": [
                "MIT"
            ],
            "authors": [
                {
                    "name": "Nicolas Grekas",
                    "email": "p@tchwork.com"
                },
                {
                    "name": "Symfony Community",
                    "homepage": "https://symfony.com/contributors"
                }
            ],
            "description": "Symfony polyfill for the Mbstring extension",
            "homepage": "https://symfony.com",
            "keywords": [
                "compatibility",
                "mbstring",
                "polyfill",
                "portable",
                "shim"
            ],
            "funding": [
                {
                    "url": "https://symfony.com/sponsor",
                    "type": "custom"
                },
                {
                    "url": "https://github.com/fabpot",
                    "type": "github"
                },
                {
                    "url": "https://tidelift.com/funding/github/packagist/symfony/symfony",
                    "type": "tidelift"
                }
            ],
            "time": "2020-05-12T16:47:27+00:00"
        },
        {
            "name": "symfony/polyfill-php72",
            "version": "v1.17.0",
            "source": {
                "type": "git",
                "url": "https://github.com/symfony/polyfill-php72.git",
                "reference": "f048e612a3905f34931127360bdd2def19a5e582"
            },
            "dist": {
                "type": "zip",
                "url": "https://api.github.com/repos/symfony/polyfill-php72/zipball/f048e612a3905f34931127360bdd2def19a5e582",
                "reference": "f048e612a3905f34931127360bdd2def19a5e582",
                "shasum": ""
            },
            "require": {
                "php": ">=5.3.3"
            },
            "type": "library",
            "extra": {
                "branch-alias": {
                    "dev-master": "1.17-dev"
                }
            },
            "autoload": {
                "psr-4": {
                    "Symfony\\Polyfill\\Php72\\": ""
                },
                "files": [
                    "bootstrap.php"
                ]
            },
            "notification-url": "https://packagist.org/downloads/",
            "license": [
                "MIT"
            ],
            "authors": [
                {
                    "name": "Nicolas Grekas",
                    "email": "p@tchwork.com"
                },
                {
                    "name": "Symfony Community",
                    "homepage": "https://symfony.com/contributors"
                }
            ],
            "description": "Symfony polyfill backporting some PHP 7.2+ features to lower PHP versions",
            "homepage": "https://symfony.com",
            "keywords": [
                "compatibility",
                "polyfill",
                "portable",
                "shim"
            ],
            "funding": [
                {
                    "url": "https://symfony.com/sponsor",
                    "type": "custom"
                },
                {
                    "url": "https://github.com/fabpot",
                    "type": "github"
                },
                {
                    "url": "https://tidelift.com/funding/github/packagist/symfony/symfony",
                    "type": "tidelift"
                }
            ],
            "time": "2020-05-12T16:47:27+00:00"
        },
        {
            "name": "twig/html-extra",
            "version": "v3.0.3",
            "source": {
                "type": "git",
                "url": "https://github.com/twigphp/html-extra.git",
                "reference": "0a0340aaba8c09e1c899d81fce6d45a1d6e448d5"
            },
            "dist": {
                "type": "zip",
                "url": "https://api.github.com/repos/twigphp/html-extra/zipball/0a0340aaba8c09e1c899d81fce6d45a1d6e448d5",
                "reference": "0a0340aaba8c09e1c899d81fce6d45a1d6e448d5",
                "shasum": ""
            },
            "require": {
                "php": "^7.1.3",
                "symfony/mime": "^4.3|^5.0",
                "twig/twig": "^2.4|^3.0"
            },
            "require-dev": {
                "symfony/phpunit-bridge": "^4.4|^5.0"
            },
            "type": "library",
            "extra": {
                "branch-alias": {
                    "dev-master": "3.0-dev"
                }
            },
            "autoload": {
                "psr-4": {
                    "Twig\\Extra\\Html\\": "src/"
                }
            },
            "notification-url": "https://packagist.org/downloads/",
            "license": [
                "MIT"
            ],
            "authors": [
                {
                    "name": "Fabien Potencier",
                    "email": "fabien@symfony.com",
                    "homepage": "http://fabien.potencier.org",
                    "role": "Lead Developer"
                }
            ],
            "description": "A Twig extension for HTML",
            "homepage": "https://twig.symfony.com",
            "keywords": [
                "html",
                "twig"
            ],
            "time": "2020-01-01T17:11:09+00:00"
        },
        {
            "name": "twig/inky-extra",
            "version": "v3.0.3",
            "source": {
                "type": "git",
                "url": "https://github.com/twigphp/inky-extra.git",
                "reference": "1723fbcf496bd53bdbd5fa3cc819dd4574a2f967"
            },
            "dist": {
                "type": "zip",
                "url": "https://api.github.com/repos/twigphp/inky-extra/zipball/1723fbcf496bd53bdbd5fa3cc819dd4574a2f967",
                "reference": "1723fbcf496bd53bdbd5fa3cc819dd4574a2f967",
                "shasum": ""
            },
            "require": {
                "lorenzo/pinky": "^1.0.5",
                "php": "^7.1.3",
                "twig/twig": "^2.4|^3.0"
            },
            "require-dev": {
                "symfony/phpunit-bridge": "^4.4|^5.0"
            },
            "type": "library",
            "extra": {
                "branch-alias": {
                    "dev-master": "2.12-dev"
                }
            },
            "autoload": {
                "psr-4": {
                    "Twig\\Extra\\Inky\\": "src/"
                }
            },
            "notification-url": "https://packagist.org/downloads/",
            "license": [
                "MIT"
            ],
            "authors": [
                {
                    "name": "Fabien Potencier",
                    "email": "fabien@symfony.com",
                    "homepage": "http://fabien.potencier.org",
                    "role": "Lead Developer"
                }
            ],
            "description": "A Twig extension for the inky email templating engine",
            "homepage": "https://twig.symfony.com",
            "keywords": [
                "email",
                "emails",
                "inky",
                "twig"
            ],
            "time": "2020-01-01T17:10:47+00:00"
        },
        {
            "name": "twig/intl-extra",
            "version": "v3.0.3",
            "source": {
                "type": "git",
                "url": "https://github.com/twigphp/intl-extra.git",
                "reference": "55d68a5836f40d62695488b4bdbc71fa71f52574"
            },
            "dist": {
                "type": "zip",
                "url": "https://api.github.com/repos/twigphp/intl-extra/zipball/55d68a5836f40d62695488b4bdbc71fa71f52574",
                "reference": "55d68a5836f40d62695488b4bdbc71fa71f52574",
                "shasum": ""
            },
            "require": {
                "php": "^7.1.3",
                "symfony/intl": "^4.3|^5.0",
                "twig/twig": "^2.4|^3.0"
            },
            "require-dev": {
                "symfony/phpunit-bridge": "^4.4|^5.0"
            },
            "type": "library",
            "extra": {
                "branch-alias": {
                    "dev-master": "3.0-dev"
                }
            },
            "autoload": {
                "psr-4": {
                    "Twig\\Extra\\Intl\\": "src/"
                }
            },
            "notification-url": "https://packagist.org/downloads/",
            "license": [
                "MIT"
            ],
            "authors": [
                {
                    "name": "Fabien Potencier",
                    "email": "fabien@symfony.com",
                    "homepage": "http://fabien.potencier.org",
                    "role": "Lead Developer"
                }
            ],
            "description": "A Twig extension for Intl",
            "homepage": "https://twig.symfony.com",
            "keywords": [
                "intl",
                "twig"
            ],
            "time": "2020-02-11T05:45:44+00:00"
        },
        {
            "name": "twig/markdown-extra",
            "version": "v3.0.3",
            "source": {
                "type": "git",
                "url": "https://github.com/twigphp/markdown-extra.git",
                "reference": "c9d09a12024febcb6976886794d095a31f1ce6fa"
            },
            "dist": {
                "type": "zip",
                "url": "https://api.github.com/repos/twigphp/markdown-extra/zipball/c9d09a12024febcb6976886794d095a31f1ce6fa",
                "reference": "c9d09a12024febcb6976886794d095a31f1ce6fa",
                "shasum": ""
            },
            "require": {
                "php": "^7.1.3",
                "twig/twig": "^2.4|^3.0"
            },
            "require-dev": {
                "erusev/parsedown": "^1.7",
                "league/commonmark": "^1.0",
                "league/html-to-markdown": "^4.8",
                "michelf/php-markdown": "^1.8",
                "symfony/phpunit-bridge": "^4.4|^5.0"
            },
            "type": "library",
            "extra": {
                "branch-alias": {
                    "dev-master": "3.0-dev"
                }
            },
            "autoload": {
                "psr-4": {
                    "Twig\\Extra\\Markdown\\": "src/"
                }
            },
            "notification-url": "https://packagist.org/downloads/",
            "license": [
                "MIT"
            ],
            "authors": [
                {
                    "name": "Fabien Potencier",
                    "email": "fabien@symfony.com",
                    "homepage": "http://fabien.potencier.org",
                    "role": "Lead Developer"
                }
            ],
            "description": "A Twig extension for Markdown",
            "homepage": "https://twig.symfony.com",
            "keywords": [
                "html",
                "markdown",
                "twig"
            ],
            "time": "2020-01-01T17:11:09+00:00"
        },
        {
            "name": "twig/twig",
            "version": "v3.0.3",
            "source": {
                "type": "git",
                "url": "https://github.com/twigphp/Twig.git",
                "reference": "3b88ccd180a6b61ebb517aea3b1a8906762a1dc2"
            },
            "dist": {
                "type": "zip",
                "url": "https://api.github.com/repos/twigphp/Twig/zipball/3b88ccd180a6b61ebb517aea3b1a8906762a1dc2",
                "reference": "3b88ccd180a6b61ebb517aea3b1a8906762a1dc2",
                "shasum": ""
            },
            "require": {
                "php": "^7.2.5",
                "symfony/polyfill-ctype": "^1.8",
                "symfony/polyfill-mbstring": "^1.3"
            },
            "require-dev": {
                "psr/container": "^1.0",
                "symfony/phpunit-bridge": "^4.4|^5.0"
            },
            "type": "library",
            "extra": {
                "branch-alias": {
                    "dev-master": "3.0-dev"
                }
            },
            "autoload": {
                "psr-4": {
                    "Twig\\": "src/"
                }
            },
            "notification-url": "https://packagist.org/downloads/",
            "license": [
                "BSD-3-Clause"
            ],
            "authors": [
                {
                    "name": "Fabien Potencier",
                    "email": "fabien@symfony.com",
                    "homepage": "http://fabien.potencier.org",
                    "role": "Lead Developer"
                },
                {
                    "name": "Twig Team",
                    "role": "Contributors"
                },
                {
                    "name": "Armin Ronacher",
                    "email": "armin.ronacher@active-4.com",
                    "role": "Project Founder"
                }
            ],
            "description": "Twig, the flexible, fast, and secure template language for PHP",
            "homepage": "https://twig.symfony.com",
            "keywords": [
                "templating"
            ],
            "time": "2020-02-11T15:33:47+00:00"
        }
    ],
    "packages-dev": [],
    "aliases": [],
    "minimum-stability": "stable",
    "stability-flags": [],
    "prefer-stable": false,
    "prefer-lowest": false,
    "platform": [],
    "platform-dev": [],
    "plugin-api-version": "1.1.0"
}
